
Microsoft Visual Studio Solution File, Format Version 12.00
# Visual Studio Version 17
VisualStudioVersion = 17.11.35222.181
MinimumVisualStudioVersion = 10.0.40219.1
Project("{888888A0-9F3D-457C-B088-3A5042F75D52}") = "3KLSC-REYNALDOMENDEZ.PY", "3KLSC-REYNALDOMENDEZ.PY\3KLSC-REYNALDOMENDEZ.PY.pyproj", "{6632A75D-B554-40FC-BB9A-AAEED9A23FD3}"
EndProject
Global
	GlobalSection(SolutionConfigurationPlatforms) = preSolution
		Debug|Any CPU = Debug|Any CPU
		Release|Any CPU = Release|Any CPU
	EndGlobalSection
	GlobalSection(ProjectConfigurationPlatforms) = postSolution
		{6632A75D-B554-40FC-BB9A-AAEED9A23FD3}.Debug|Any CPU.ActiveCfg = Debug|Any CPU
		{6632A75D-B554-40FC-BB9A-AAEED9A23FD3}.Release|Any CPU.ActiveCfg = Release|Any CPU
	EndGlobalSection
	GlobalSection(SolutionProperties) = preSolution
		HideSolutionNode = FALSE
	EndGlobalSection
	GlobalSection(ExtensibilityGlobals) = postSolution
		SolutionGuid = {03F30548-657D-4E32-8CDC-5BD9B5E395E9}
	EndGlobalSection
EndGlobal
